PODS:
  - BonMot (4.0.1)
  - ChameleonSwift (2.2)
  - CryptoSwift (0.6.6)
  - FileKit (4.0.0)
  - IGListKit (2.0.0)
  - PathKit (0.7.0)
  - Realm (2.1.1):
    - Realm/Headers (= 2.1.1)
  - Realm/Headers (2.1.1)
  - RealmSwift (2.1.1):
    - Realm (= 2.1.1)
  - SnapKit (3.0.2)
  - Timepiece (1.0.1)

DEPENDENCIES:
  - BonMot (= 4.0.1)
  - ChameleonSwift
  - CryptoSwift (~> 0.6.5)
  - FileKit (~> 4.0.0)
  - IGListKit (~> 2.0.0)
  - PathKit (= 0.7.0)
  - RealmSwift (~> 2.1.1)
  - SnapKit (~> 3.0.2)
  - Timepiece (~> 1.0.1)

SPEC CHECKSUMS:
  BonMot: d8c3548412fcbb3b5f877f2097a5ca23f9adf5b4
  ChameleonSwift: 3b2a66db07a6e5bc176c8590b5182c4d952481cb
  CryptoSwift: 88592381b73f36e192124539390a7c9bacda76af
  FileKit: 2589d0393b3bfdc599c2ba6e41419be6db4279e0
  IGListKit: ee255e4e61865bc3e01ca96b690c5435c2887849
  PathKit: f8260c3e41bf4d552f3603853e32a5b325a176d4
  Realm: a55959c0b171a5fe5267406d17f314fec3cefaae
  RealmSwift: 749fd955bf8d6471c21d218b9389a47aaeccfe3f
  SnapKit: 2e456761aa92d4d4067a7a5594c18769d451a8ad
  Timepiece: 59cdc48089645cce07803c15116293b346ca457d

PODFILE CHECKSUM: 82c41eae2ddacf62d2449474c08f8e18d0577326

COCOAPODS: 1.1.1
